
Microsoft Visual Studio Solution File, Format Version 12.00
# Visual Studio Version 17
VisualStudioVersion = 17.2.32519.379
MinimumVisualStudioVersion = 10.0.40219.1
Project("{FAE04EC0-301F-11D3-BF4B-00C04F79EFBC}") = "20220308", "20220308\20220308.csproj", "{BCACF333-6B38-4BFA-A120-6CE4AC25167E}"
EndProject
Global
	GlobalSection(SolutionConfigurationPlatforms) = preSolution
		Debug|Any CPU = Debug|Any CPU
		Release|Any CPU = Release|Any CPU
	EndGlobalSection
	GlobalSection(ProjectConfigurationPlatforms) = postSolution
		{BCACF333-6B38-4BFA-A120-6CE4AC25167E}.Debug|Any CPU.ActiveCfg = Debug|Any CPU
		{BCACF333-6B38-4BFA-A120-6CE4AC25167E}.Debug|Any CPU.Build.0 = Debug|Any CPU
		{BCACF333-6B38-4BFA-A120-6CE4AC25167E}.Release|Any CPU.ActiveCfg = Release|Any CPU
		{BCACF333-6B38-4BFA-A120-6CE4AC25167E}.Release|Any CPU.Build.0 = Release|Any CPU
	EndGlobalSection
	GlobalSection(SolutionProperties) = preSolution
		HideSolutionNode = FALSE
	EndGlobalSection
	GlobalSection(ExtensibilityGlobals) = postSolution
		SolutionGuid = {314089E7-C62D-4CC8-B521-516A302CC847}
	EndGlobalSection
EndGlobal
