
Microsoft Visual Studio Solution File, Format Version 12.00
# Visual Studio Version 17
VisualStudioVersion = 17.2.32519.379
MinimumVisualStudioVersion = 10.0.40219.1
Project("{FAE04EC0-301F-11D3-BF4B-00C04F79EFBC}") = "20220412", "20220412\20220412.csproj", "{8EBBD7EF-8FF2-4E0D-ACF8-805F77B7739B}"
EndProject
Global
	GlobalSection(SolutionConfigurationPlatforms) = preSolution
		Debug|Any CPU = Debug|Any CPU
		Release|Any CPU = Release|Any CPU
	EndGlobalSection
	GlobalSection(ProjectConfigurationPlatforms) = postSolution
		{8EBBD7EF-8FF2-4E0D-ACF8-805F77B7739B}.Debug|Any CPU.ActiveCfg = Debug|Any CPU
		{8EBBD7EF-8FF2-4E0D-ACF8-805F77B7739B}.Debug|Any CPU.Build.0 = Debug|Any CPU
		{8EBBD7EF-8FF2-4E0D-ACF8-805F77B7739B}.Release|Any CPU.ActiveCfg = Release|Any CPU
		{8EBBD7EF-8FF2-4E0D-ACF8-805F77B7739B}.Release|Any CPU.Build.0 = Release|Any CPU
	EndGlobalSection
	GlobalSection(SolutionProperties) = preSolution
		HideSolutionNode = FALSE
	EndGlobalSection
	GlobalSection(ExtensibilityGlobals) = postSolution
		SolutionGuid = {A366A696-BD88-4624-B936-ABD87A1349F3}
	EndGlobalSection
EndGlobal
