
Microsoft Visual Studio Solution File, Format Version 12.00
# Visual Studio Version 17
VisualStudioVersion = 17.2.32519.379
MinimumVisualStudioVersion = 10.0.40219.1
Project("{FAE04EC0-301F-11D3-BF4B-00C04F79EFBC}") = "NewNotepad", "NewNotepad\NewNotepad.csproj", "{EFC0BF8B-C4FD-49A7-8DDA-6732FC06B416}"
EndProject
Global
	GlobalSection(SolutionConfigurationPlatforms) = preSolution
		Debug|Any CPU = Debug|Any CPU
		Release|Any CPU = Release|Any CPU
	EndGlobalSection
	GlobalSection(ProjectConfigurationPlatforms) = postSolution
		{EFC0BF8B-C4FD-49A7-8DDA-6732FC06B416}.Debug|Any CPU.ActiveCfg = Debug|Any CPU
		{EFC0BF8B-C4FD-49A7-8DDA-6732FC06B416}.Debug|Any CPU.Build.0 = Debug|Any CPU
		{EFC0BF8B-C4FD-49A7-8DDA-6732FC06B416}.Release|Any CPU.ActiveCfg = Release|Any CPU
		{EFC0BF8B-C4FD-49A7-8DDA-6732FC06B416}.Release|Any CPU.Build.0 = Release|Any CPU
	EndGlobalSection
	GlobalSection(SolutionProperties) = preSolution
		HideSolutionNode = FALSE
	EndGlobalSection
	GlobalSection(ExtensibilityGlobals) = postSolution
		SolutionGuid = {C6A31F68-9AFC-4991-92D8-44DDD7B7C47C}
	EndGlobalSection
EndGlobal
